
Microsoft Visual Studio Solution File, Format Version 12.00
# Visual Studio Version 16
VisualStudioVersion = 16.0.29613.14
MinimumVisualStudioVersion = 10.0.40219.1
Project("{FAE04EC0-301F-11D3-BF4B-00C04F79EFBC}") = "aryaHello", "aryaHello\aryaHello.csproj", "{16394B7D-B800-4F13-BA52-8F5D44353E34}"
EndProject
Global
	GlobalSection(SolutionConfigurationPlatforms) = preSolution
		Debug|Any CPU = Debug|Any CPU
		Release|Any CPU = Release|Any CPU
	EndGlobalSection
	GlobalSection(ProjectConfigurationPlatforms) = postSolution
		{16394B7D-B800-4F13-BA52-8F5D44353E34}.Debug|Any CPU.ActiveCfg = Debug|Any CPU
		{16394B7D-B800-4F13-BA52-8F5D44353E34}.Debug|Any CPU.Build.0 = Debug|Any CPU
		{16394B7D-B800-4F13-BA52-8F5D44353E34}.Release|Any CPU.ActiveCfg = Release|Any CPU
		{16394B7D-B800-4F13-BA52-8F5D44353E34}.Release|Any CPU.Build.0 = Release|Any CPU
	EndGlobalSection
	GlobalSection(SolutionProperties) = preSolution
		HideSolutionNode = FALSE
	EndGlobalSection
	GlobalSection(ExtensibilityGlobals) = postSolution
		SolutionGuid = {E4C246BA-17F4-42DB-A01C-52699C5B7239}
	EndGlobalSection
EndGlobal
